PODS:
  - Alamofire (4.0.1)
  - AsyncSwift (2.0.0)
  - FMDB (2.6.2):
    - FMDB/standard (= 2.6.2)
  - FMDB/standard (2.6.2)
  - Kingfisher (3.2.1)
  - LTMorphingLabel (0.3.0)
  - MJRefresh (3.1.12)
  - SwiftyJSON (3.1.1)

DEPENDENCIES:
  - Alamofire
  - AsyncSwift
  - FMDB
  - Kingfisher
  - LTMorphingLabel
  - MJRefresh
  - SwiftyJSON

SPEC CHECKSUMS:
  Alamofire: 7682d43245de14874acd142ec137b144aa1dd335
  AsyncSwift: 6ba6ed9ecb51344458063f7c86fe447ab824e313
  FMDB: 854a0341b4726e53276f2a8996f06f1b80f9259a
  Kingfisher: 64ef28c6d3d6f344e3ae2d7f5c9da80439505d99
  LTMorphingLabel: 2777d8d9cb699125f48dfcd95d78bd3d77c87ade
  MJRefresh: b96cdb21c4aa75a7b07654311ab2f315c497e806
  SwiftyJSON: f0be2e604f83e8405a624e9f891898bf6ed4e019

PODFILE CHECKSUM: 3e3ee557edbf9197573b03885a6192f69a5a1f9a

COCOAPODS: 1.2.0.beta.1
